
Microsoft Visual Studio Solution File, Format Version 12.00
# Visual Studio Version 16
VisualStudioVersion = 16.0.30114.105
MinimumVisualStudioVersion = 10.0.40219.1
Project("{9A19103F-16F7-4668-BE54-9A1E7A4F7556}") = "EFCore2.2", "EFCore2.2\EFCore2.2.csproj", "{AAAD9334-D9B8-457A-9000-F85DE7A64600}"
EndProject
Project("{9A19103F-16F7-4668-BE54-9A1E7A4F7556}") = "EFCore3.1", "EFCore3.1\EFCore3.1.csproj", "{D2844199-8734-4B1B-A6F2-52DB50F50D28}"
EndProject
Global
	GlobalSection(SolutionConfigurationPlatforms) = preSolution
		Debug|Any CPU = Debug|Any CPU
		Release|Any CPU = Release|Any CPU
	EndGlobalSection
	GlobalSection(ProjectConfigurationPlatforms) = postSolution
		{AAAD9334-D9B8-457A-9000-F85DE7A64600}.Debug|Any CPU.ActiveCfg = Debug|Any CPU
		{AAAD9334-D9B8-457A-9000-F85DE7A64600}.Debug|Any CPU.Build.0 = Debug|Any CPU
		{AAAD9334-D9B8-457A-9000-F85DE7A64600}.Release|Any CPU.ActiveCfg = Release|Any CPU
		{AAAD9334-D9B8-457A-9000-F85DE7A64600}.Release|Any CPU.Build.0 = Release|Any CPU
		{D2844199-8734-4B1B-A6F2-52DB50F50D28}.Debug|Any CPU.ActiveCfg = Debug|Any CPU
		{D2844199-8734-4B1B-A6F2-52DB50F50D28}.Debug|Any CPU.Build.0 = Debug|Any CPU
		{D2844199-8734-4B1B-A6F2-52DB50F50D28}.Release|Any CPU.ActiveCfg = Release|Any CPU
		{D2844199-8734-4B1B-A6F2-52DB50F50D28}.Release|Any CPU.Build.0 = Release|Any CPU
	EndGlobalSection
	GlobalSection(SolutionProperties) = preSolution
		HideSolutionNode = FALSE
	EndGlobalSection
	GlobalSection(ExtensibilityGlobals) = postSolution
		SolutionGuid = {4E6EF8AD-841F-4EBC-BEC6-F4DF88D05721}
	EndGlobalSection
EndGlobal
